
Microsoft Visual Studio Solution File, Format Version 12.00
# Visual Studio Version 17
VisualStudioVersion = 17.11.35327.3
MinimumVisualStudioVersion = 10.0.40219.1
Project("{FAE04EC0-301F-11D3-BF4B-00C04F79EFBC}") = "Deserializacion", "Deserializacion\Deserializacion.csproj", "{59AD0EE2-3B21-4E28-BF0E-49E85E45EC1C}"
EndProject
Global
	GlobalSection(SolutionConfigurationPlatforms) = preSolution
		Debug|Any CPU = Debug|Any CPU
		Release|Any CPU = Release|Any CPU
	EndGlobalSection
	GlobalSection(ProjectConfigurationPlatforms) = postSolution
		{59AD0EE2-3B21-4E28-BF0E-49E85E45EC1C}.Debug|Any CPU.ActiveCfg = Debug|Any CPU
		{59AD0EE2-3B21-4E28-BF0E-49E85E45EC1C}.Debug|Any CPU.Build.0 = Debug|Any CPU
		{59AD0EE2-3B21-4E28-BF0E-49E85E45EC1C}.Release|Any CPU.ActiveCfg = Release|Any CPU
		{59AD0EE2-3B21-4E28-BF0E-49E85E45EC1C}.Release|Any CPU.Build.0 = Release|Any CPU
	EndGlobalSection
	GlobalSection(SolutionProperties) = preSolution
		HideSolutionNode = FALSE
	EndGlobalSection
	GlobalSection(ExtensibilityGlobals) = postSolution
		SolutionGuid = {2C44B898-7294-481B-945A-E295C2967910}
	EndGlobalSection
EndGlobal
